// !$*UTF8*$!
{
	archiveVersion = 1;
	classes = {
	};
	objectVersion = 46;
	objects = {

/* Begin PBXBuildFile section */
		C7095F2D1DD3E37300BF3B33 /* video.m4v in Resources */ = {isa = PBXBuildFile; fileRef = C7095F2C1DD3E00300BF3B33 /* video.m4v */; };
		C7BCD6191DD3DB14005FCE93 /* AppDelegate.swift in Sources */ = {isa = PBXBuildFile; fileRef = C7BCD6181DD3DB14005FCE93 /* AppDelegate.swift */; };
		C7BCD61B1DD3DB14005FCE93 /* ViewController.swift in Sources */ = {isa = PBXBuildFile; fileRef = C7BCD61A1DD3DB14005FCE93 /* ViewController.swift */; };
		C7BCD61E1DD3DB14005FCE93 /* Main.storyboard in Resources */ = {isa = PBXBuildFile; fileRef = C7BCD61C1DD3DB14005FCE93 /* Main.storyboard */; };
		C7BCD6201DD3DB14005FCE93 /* Assets.xcassets in Resources */ = {isa = PBXBuildFile; fileRef = C7BCD61F1DD3DB14005FCE93 /* Assets.xcassets */; };
		C7BCD6231DD3DB14005FCE93 /* LaunchScreen.storyboard in Resources */ = {isa = PBXBuildFile; fileRef = C7BCD6211DD3DB14005FCE93 /* LaunchScreen.storyboard */; };
		C7BCD62C1DD3DBC4005FCE93 /* AVKit.framework in Frameworks */ = {isa = PBXBuildFile; fileRef = C7BCD62B1DD3DBC4005FCE93 /* AVKit.framework */; };
		C7BCD62E1DD3DBC9005FCE93 /* CoreGraphics.framework in Frameworks */ = {isa = PBXBuildFile; fileRef = C7BCD62D1DD3DBC9005FCE93 /* CoreGraphics.framework */; };
		C7BCD6301DD3DBCE005FCE93 /* UIKit.framework in Frameworks */ = {isa = PBXBuildFile; fileRef = C7BCD62F1DD3DBCE005FCE93 /* UIKit.framework */; };
		C7BCD6321DD3DBDA005FCE93 /* AVFoundation.framework in Frameworks */ = {isa = PBXBuildFile; fileRef = C7BCD6311DD3DBDA005FCE93 /* AVFoundation.framework */; };
		C7BCD6341DD3DBEA005FCE93 /* MediaPlayer.framework in Frameworks */ = {isa = PBXBuildFile; fileRef = C7BCD6331DD3DBEA005FCE93 /* MediaPlayer.framework */; };
		C7BCD6361DD3DC08005FCE93 /* Foundation.framework in Frameworks */ = {isa = PBXBuildFile; fileRef = C7BCD6351DD3DC08005FCE93 /* Foundation.framework */; };
/* End PBXBuildFile section */

/* Begin PBXFileReference section */
		C7095F2C1DD3E00300BF3B33 /* video.m4v */ = {isa = PBXFileReference; lastKnownFileType = file; path = video.m4v; sourceTree = "<group>"; };
		C7BCD6151DD3DB14005FCE93 /* VideoPlayer_swift.app */ = {isa = PBXFileReference; explicitFileType = wrapper.application; includeInIndex = 0; path = VideoPlayer_swift.app; sourceTree = BUILT_PRODUCTS_DIR; };
		C7BCD6181DD3DB14005FCE93 /* AppDelegate.swift */ = {isa = PBXFileReference; lastKnownFileType = sourcecode.swift; path = AppDelegate.swift; sourceTree = "<group>"; };
		C7BCD61A1DD3DB14005FCE93 /* ViewController.swift */ = {isa = PBXFileReference; lastKnownFileType = sourcecode.swift; path = ViewController.swift; sourceTree = "<group>"; };
		C7BCD61D1DD3DB14005FCE93 /* Base */ = {isa = PBXFileReference; lastKnownFileType = file.storyboard; name = Base; path = Base.lproj/Main.storyboard; sourceTree = "<group>"; };
		C7BCD61F1DD3DB14005FCE93 /* Assets.xcassets */ = {isa = PBXFileReference; lastKnownFileType = folder.assetcatalog; path = Assets.xcassets; sourceTree = "<group>"; };
		C7BCD6221DD3DB14005FCE93 /* Base */ = {isa = PBXFileReference; lastKnownFileType = file.storyboard; name = Base; path = Base.lproj/LaunchScreen.storyboard; sourceTree = "<group>"; };
		C7BCD6241DD3DB14005FCE93 /* Info.plist */ = {isa = PBXFileReference; lastKnownFileType = text.plist.xml; path = Info.plist; sourceTree = "<group>"; };
		C7BCD62B1DD3DBC4005FCE93 /* AVKit.framework */ = {isa = PBXFileReference; lastKnownFileType = wrapper.framework; name = AVKit.framework; path = System/Library/Frameworks/AVKit.framework; sourceTree = SDKROOT; };
		C7BCD62D1DD3DBC9005FCE93 /* CoreGraphics.framework */ = {isa = PBXFileReference; lastKnownFileType = wrapper.framework; name = CoreGraphics.framework; path = System/Library/Frameworks/CoreGraphics.framework; sourceTree = SDKROOT; };
		C7BCD62F1DD3DBCE005FCE93 /* UIKit.framework */ = {isa = PBXFileReference; lastKnownFileType = wrapper.framework; name = UIKit.framework; path = System/Library/Frameworks/UIKit.framework; sourceTree = SDKROOT; };
		C7BCD6311DD3DBDA005FCE93 /* AVFoundation.framework */ = {isa = PBXFileReference; lastKnownFileType = wrapper.framework; name = AVFoundation.framework; path = System/Library/Frameworks/AVFoundation.framework; sourceTree = SDKROOT; };
		C7BCD6331DD3DBEA005FCE93 /* MediaPlayer.framework */ = {isa = PBXFileReference; lastKnownFileType = wrapper.framework; name = MediaPlayer.framework; path = System/Library/Frameworks/MediaPlayer.framework; sourceTree = SDKROOT; };
		C7BCD6351DD3DC08005FCE93 /* Foundation.framework */ = {isa = PBXFileReference; lastKnownFileType = wrapper.framework; name = Foundation.framework; path = System/Library/Frameworks/Foundation.framework; sourceTree = SDKROOT; };
/* End PBXFileReference section */

/* Begin PBXFrameworksBuildPhase section */
		C7BCD6121DD3DB14005FCE93 /* Frameworks */ = {
			isa = PBXFrameworksBuildPhase;
			buildActionMask = 2147483647;
			files = (
				C7BCD6361DD3DC08005FCE93 /* Foundation.framework in Frameworks */,
				C7BCD6341DD3DBEA005FCE93 /* MediaPlayer.framework in Frameworks */,
				C7BCD6321DD3DBDA005FCE93 /* AVFoundation.framework in Frameworks */,
				C7BCD6301DD3DBCE005FCE93 /* UIKit.framework in Frameworks */,
				C7BCD62E1DD3DBC9005FCE93 /* CoreGraphics.framework in Frameworks */,
				C7BCD62C1DD3DBC4005FCE93 /* AVKit.framework in Frameworks */,
			);
			runOnlyForDeploymentPostprocessing = 0;
		};
/* End PBXFrameworksBuildPhase section */

/* Begin PBXGroup section */
		C7BCD60C1DD3DB14005FCE93 = {
			isa = PBXGroup;
			children = (
				C7BCD6171DD3DB14005FCE93 /* VideoPlayer_swift */,
				C7BCD6161DD3DB14005FCE93 /* Products */,
				C7BCD62A1DD3DBC3005FCE93 /* Frameworks */,
			);
			sourceTree = "<group>";
		};
		C7BCD6161DD3DB14005FCE93 /* Products */ = {
			isa = PBXGroup;
			children = (
				C7BCD6151DD3DB14005FCE93 /* VideoPlayer_swift.app */,
			);
			name = Products;
			sourceTree = "<group>";
		};
		C7BCD6171DD3DB14005FCE93 /* VideoPlayer_swift */ = {
			isa = PBXGroup;
			children = (
				C7095F2C1DD3E00300BF3B33 /* video.m4v */,
				C7BCD6181DD3DB14005FCE93 /* AppDelegate.swift */,
				C7BCD61A1DD3DB14005FCE93 /* ViewController.swift */,
				C7BCD61C1DD3DB14005FCE93 /* Main.storyboard */,
				C7BCD61F1DD3DB14005FCE93 /* Assets.xcassets */,
				C7BCD6211DD3DB14005FCE93 /* LaunchScreen.storyboard */,
				C7BCD6241DD3DB14005FCE93 /* Info.plist */,
			);
			path = VideoPlayer_swift;
			sourceTree = "<group>";
		};
		C7BCD62A1DD3DBC3005FCE93 /* Frameworks */ = {
			isa = PBXGroup;
			children = (
				C7BCD6351DD3DC08005FCE93 /* Foundation.framework */,
				C7BCD6331DD3DBEA005FCE93 /* MediaPlayer.framework */,
				C7BCD6311DD3DBDA005FCE93 /* AVFoundation.framework */,
				C7BCD62F1DD3DBCE005FCE93 /* UIKit.framework */,
				C7BCD62D1DD3DBC9005FCE93 /* CoreGraphics.framework */,
				C7BCD62B1DD3DBC4005FCE93 /* AVKit.framework */,
			);
			name = Frameworks;
			sourceTree = "<group>";
		};
/* End PBXGroup section */

/* Begin PBXNativeTarget section */
		C7BCD6141DD3DB14005FCE93 /* VideoPlayer_swift */ = {
			isa = PBXNativeTarget;
			buildConfigurationList = C7BCD6271DD3DB14005FCE93 /* Build configuration list for PBXNativeTarget "VideoPlayer_swift" */;
			buildPhases = (
				C7BCD6111DD3DB14005FCE93 /* Sources */,
				C7BCD6121DD3DB14005FCE93 /* Frameworks */,
				C7BCD6131DD3DB14005FCE93 /* Resources */,
			);
			buildRules = (
			);
			dependencies = (
			);
			name = VideoPlayer_swift;
			productName = VideoPlayer_swift;
			productReference = C7BCD6151DD3DB14005FCE93 /* VideoPlayer_swift.app */;
			productType = "com.apple.product-type.application";
		};
/* End PBXNativeTarget section */

/* Begin PBXProject section */
		C7BCD60D1DD3DB14005FCE93 /* Project object */ = {
			isa = PBXProject;
			attributes = {
				LastSwiftUpdateCheck = 0800;
				LastUpgradeCheck = 1120;
				ORGANIZATIONNAME = "Master Móviles";
				TargetAttributes = {
					C7BCD6141DD3DB14005FCE93 = {
						CreatedOnToolsVersion = 8.0;
						DevelopmentTeam = 5F99463958;
						LastSwiftMigration = 1010;
						ProvisioningStyle = Automatic;
					};
				};
			};
			buildConfigurationList = C7BCD6101DD3DB14005FCE93 /* Build configuration list for PBXProject "VideoPlayer_swift" */;
			compatibilityVersion = "Xcode 3.2";
			developmentRegion = en;
			hasScannedForEncodings = 0;
			knownRegions = (
				en,
				Base,
			);
			mainGroup = C7BCD60C1DD3DB14005FCE93;
			productRefGroup = C7BCD6161DD3DB14005FCE93 /* Products */;
			projectDirPath = "";
			projectRoot = "";
			targets = (
				C7BCD6141DD3DB14005FCE93 /* VideoPlayer_swift */,
			);
		};
/* End PBXProject section */

/* Begin PBXResourcesBuildPhase section */
		C7BCD6131DD3DB14005FCE93 /* Resources */ = {
			isa = PBXResourcesBuildPhase;
			buildActionMask = 2147483647;
			files = (
				C7095F2D1DD3E37300BF3B33 /* video.m4v in Resources */,
				C7BCD6231DD3DB14005FCE93 /* LaunchScreen.storyboard in Resources */,
				C7BCD6201DD3DB14005FCE93 /* Assets.xcassets in Resources */,
				C7BCD61E1DD3DB14005FCE93 /* Main.storyboard in Resources */,
			);
			runOnlyForDeploymentPostprocessing = 0;
		};
/* End PBXResourcesBuildPhase section */

/* Begin PBXSourcesBuildPhase section */
		C7BCD6111DD3DB14005FCE93 /* Sources */ = {
			isa = PBXSourcesBuildPhase;
			buildActionMask = 2147483647;
			files = (
				C7BCD61B1DD3DB14005FCE93 /* ViewController.swift in Sources */,
				C7BCD6191DD3DB14005FCE93 /* AppDelegate.swift in Sources */,
			);
			runOnlyForDeploymentPostprocessing = 0;
		};
/* End PBXSourcesBuildPhase section */

/* Begin PBXVariantGroup section */
		C7BCD61C1DD3DB14005FCE93 /* Main.storyboard */ = {
			isa = PBXVariantGroup;
			children = (
				C7BCD61D1DD3DB14005FCE93 /* Base */,
			);
			name = Main.storyboard;
			sourceTree = "<group>";
		};
		C7BCD6211DD3DB14005FCE93 /* LaunchScreen.storyboard */ = {
			isa = PBXVariantGroup;
			children = (
				C7BCD6221DD3DB14005FCE93 /* Base */,
			);
			name = LaunchScreen.storyboard;
			sourceTree = "<group>";
		};
/* End PBXVariantGroup section */

/* Begin XCBuildConfiguration section */
		C7BCD6251DD3DB14005FCE93 /* Debug */ = {
			isa = XCBuildConfiguration;
			buildSettings = {
				ALWAYS_SEARCH_USER_PATHS = NO;
				CLANG_ANALYZER_LOCALIZABILITY_NONLOCALIZED = YES;
				CLANG_ANALYZER_NONNULL = YES;
				CLANG_CXX_LANGUAGE_STANDARD = "gnu++0x";
				CLANG_CXX_LIBRARY = "libc++";
				CLANG_ENABLE_MODULES = YES;
				CLANG_ENABLE_OBJC_ARC = YES;
				CLANG_WARN_BLOCK_CAPTURE_AUTORELEASING = YES;
				CLANG_WARN_BOOL_CONVERSION = YES;
				CLANG_WARN_COMMA = YES;
				CLANG_WARN_CONSTANT_CONVERSION = YES;
				CLANG_WARN_DEPRECATED_OBJC_IMPLEMENTATIONS = YES;
				CLANG_WARN_DIRECT_OBJC_ISA_USAGE = YES_ERROR;
				CLANG_WARN_DOCUMENTATION_COMMENTS = YES;
				CLANG_WARN_EMPTY_BODY = YES;
				CLANG_WARN_ENUM_CONVERSION = YES;
				CLANG_WARN_INFINITE_RECURSION = YES;
				CLANG_WARN_INT_CONVERSION = YES;
				CLANG_WARN_NON_LITERAL_NULL_CONVERSION = YES;
				CLANG_WARN_OBJC_IMPLICIT_RETAIN_SELF = YES;
				CLANG_WARN_OBJC_LITERAL_CONVERSION = YES;
				CLANG_WARN_OBJC_ROOT_CLASS = YES_ERROR;
				CLANG_WARN_RANGE_LOOP_ANALYSIS = YES;
				CLANG_WARN_STRICT_PROTOTYPES = YES;
				CLANG_WARN_SUSPICIOUS_MOVE = YES;
				CLANG_WARN_SUSPICIOUS_MOVES = YES;
				CLANG_WARN_UNREACHABLE_CODE = YES;
				CLANG_WARN__DUPLICATE_METHOD_MATCH = YES;
				"CODE_SIGN_IDENTITY[sdk=iphoneos*]" = "iPhone Developer";
				COPY_PHASE_STRIP = NO;
				DEBUG_INFORMATION_FORMAT = dwarf;
				ENABLE_STRICT_OBJC_MSGSEND = YES;
				ENABLE_TESTABILITY = YES;
				GCC_C_LANGUAGE_STANDARD = gnu99;
				GCC_DYNAMIC_NO_PIC = NO;
				GCC_NO_COMMON_BLOCKS = YES;
				GCC_OPTIMIZATION_LEVEL = 0;
				GCC_PREPROCESSOR_DEFINITIONS = (
					"DEBUG=1",
					"$(inherited)",
				);
				GCC_WARN_64_TO_32_BIT_CONVERSION = YES;
				GCC_WARN_ABOUT_RETURN_TYPE = YES_ERROR;
				GCC_WARN_UNDECLARED_SELECTOR = YES;
				GCC_WARN_UNINITIALIZED_AUTOS = YES_AGGRESSIVE;
				GCC_WARN_UNUSED_FUNCTION = YES;
				GCC_WARN_UNUSED_VARIABLE = YES;
				IPHONEOS_DEPLOYMENT_TARGET = 10.0;
				MTL_ENABLE_DEBUG_INFO = YES;
				ONLY_ACTIVE_ARCH = YES;
				SDKROOT = iphoneos;
				SWIFT_ACTIVE_COMPILATION_CONDITIONS = DEBUG;
				SWIFT_OPTIMIZATION_LEVEL = "-Onone";
				TARGETED_DEVICE_FAMILY = "1,2";
			};
			name = Debug;
		};
		C7BCD6261DD3DB14005FCE93 /* Release */ = {
			isa = XCBuildConfiguration;
			buildSettings = {
				ALWAYS_SEARCH_USER_PATHS = NO;
				CLANG_ANALYZER_LOCALIZABILITY_NONLOCALIZED = YES;
				CLANG_ANALYZER_NONNULL = YES;
				CLANG_CXX_LANGUAGE_STANDARD = "gnu++0x";
				CLANG_CXX_LIBRARY = "libc++";
				CLANG_ENABLE_MODULES = YES;
				CLANG_ENABLE_OBJC_ARC = YES;
				CLANG_WARN_BLOCK_CAPTURE_AUTORELEASING = YES;
				CLANG_WARN_BOOL_CONVERSION = YES;
				CLANG_WARN_COMMA = YES;
				CLANG_WARN_CONSTANT_CONVERSION = YES;
				CLANG_WARN_DEPRECATED_OBJC_IMPLEMENTATIONS = YES;
				CLANG_WARN_DIRECT_OBJC_ISA_USAGE = YES_ERROR;
				CLANG_WARN_DOCUMENTATION_COMMENTS = YES;
				CLANG_WARN_EMPTY_BODY = YES;
				CLANG_WARN_ENUM_CONVERSION = YES;
				CLANG_WARN_INFINITE_RECURSION = YES;
				CLANG_WARN_INT_CONVERSION = YES;
				CLANG_WARN_NON_LITERAL_NULL_CONVERSION = YES;
				CLANG_WARN_OBJC_IMPLICIT_RETAIN_SELF = YES;
				CLANG_WARN_OBJC_LITERAL_CONVERSION = YES;
				CLANG_WARN_OBJC_ROOT_CLASS = YES_ERROR;
				CLANG_WARN_RANGE_LOOP_ANALYSIS = YES;
				CLANG_WARN_STRICT_PROTOTYPES = YES;
				CLANG_WARN_SUSPICIOUS_MOVE = YES;
				CLANG_WARN_SUSPICIOUS_MOVES = YES;
				CLANG_WARN_UNREACHABLE_CODE = YES;
				CLANG_WARN__DUPLICATE_METHOD_MATCH = YES;
				"CODE_SIGN_IDENTITY[sdk=iphoneos*]" = "iPhone Developer";
				COPY_PHASE_STRIP = NO;
				DEBUG_INFORMATION_FORMAT = "dwarf-with-dsym";
				ENABLE_NS_ASSERTIONS = NO;
				ENABLE_STRICT_OBJC_MSGSEND = YES;
				GCC_C_LANGUAGE_STANDARD = gnu99;
				GCC_NO_COMMON_BLOCKS = YES;
				GCC_WARN_64_TO_32_BIT_CONVERSION = YES;
				GCC_WARN_ABOUT_RETURN_TYPE = YES_ERROR;
				GCC_WARN_UNDECLARED_SELECTOR = YES;
				GCC_WARN_UNINITIALIZED_AUTOS = YES_AGGRESSIVE;
				GCC_WARN_UNUSED_FUNCTION = YES;
				GCC_WARN_UNUSED_VARIABLE = YES;
				IPHONEOS_DEPLOYMENT_TARGET = 10.0;
				MTL_ENABLE_DEBUG_INFO = NO;
				SDKROOT = iphoneos;
				SWIFT_OPTIMIZATION_LEVEL = "-Owholemodule";
				TARGETED_DEVICE_FAMILY = "1,2";
				VALIDATE_PRODUCT = YES;
			};
			name = Release;
		};
		C7BCD6281DD3DB14005FCE93 /* Debug */ = {
			isa = XCBuildConfiguration;
			buildSettings = {
				ASSETCATALOG_COMPILER_APPICON_NAME = AppIcon;
				DEVELOPMENT_TEAM = 5F99463958;
				INFOPLIST_FILE = VideoPlayer_swift/Info.plist;
				IPHONEOS_DEPLOYMENT_TARGET = 14.4;
				LD_RUNPATH_SEARCH_PATHS = "$(inherited) @executable_path/Frameworks";
				PRODUCT_BUNDLE_IDENTIFIER = "es.ua.eps.VideoPlayer-swift";
				PRODUCT_NAME = "$(TARGET_NAME)";
				SWIFT_SWIFT3_OBJC_INFERENCE = On;
				SWIFT_VERSION = 4.2;
			};
			name = Debug;
		};
		C7BCD6291DD3DB14005FCE93 /* Release */ = {
			isa = XCBuildConfiguration;
			buildSettings = {
				ASSETCATALOG_COMPILER_APPICON_NAME = AppIcon;
				DEVELOPMENT_TEAM = 5F99463958;
				INFOPLIST_FILE = VideoPlayer_swift/Info.plist;
				IPHONEOS_DEPLOYMENT_TARGET = 14.4;
				LD_RUNPATH_SEARCH_PATHS = "$(inherited) @executable_path/Frameworks";
				PRODUCT_BUNDLE_IDENTIFIER = "es.ua.eps.VideoPlayer-swift";
				PRODUCT_NAME = "$(TARGET_NAME)";
				SWIFT_SWIFT3_OBJC_INFERENCE = On;
				SWIFT_VERSION = 4.2;
			};
			name = Release;
		};
/* End XCBuildConfiguration section */

/* Begin XCConfigurationList section */
		C7BCD6101DD3DB14005FCE93 /* Build configuration list for PBXProject "VideoPlayer_swift" */ = {
			isa = XCConfigurationList;
			buildConfigurations = (
				C7BCD6251DD3DB14005FCE93 /* Debug */,
				C7BCD6261DD3DB14005FCE93 /* Release */,
			);
			defaultConfigurationIsVisible = 0;
			defaultConfigurationName = Release;
		};
		C7BCD6271DD3DB14005FCE93 /* Build configuration list for PBXNativeTarget "VideoPlayer_swift" */ = {
			isa = XCConfigurationList;
			buildConfigurations = (
				C7BCD6281DD3DB14005FCE93 /* Debug */,
				C7BCD6291DD3DB14005FCE93 /* Release */,
			);
			defaultConfigurationIsVisible = 0;
			defaultConfigurationName = Release;
		};
/* End XCConfigurationList section */
	};
	rootObject = C7BCD60D1DD3DB14005FCE93 /* Project object */;
}
