// !$*UTF8*$!
{
	archiveVersion = 1;
	classes = {
	};
	objectVersion = 50;
	objects = {

/* Begin PBXBuildFile section */
		431F1CD1263EC03100346715 /* periphericalyCentral.plist in Resources */ = {isa = PBXBuildFile; fileRef = 431F1CD0263EC03100346715 /* periphericalyCentral.plist */; };
		43A26E1B263D516500131C54 /* AppDelegate.swift in Sources */ = {isa = PBXBuildFile; fileRef = 43A26E1A263D516500131C54 /* AppDelegate.swift */; };
		43A26E1D263D516500131C54 /* SceneDelegate.swift in Sources */ = {isa = PBXBuildFile; fileRef = 43A26E1C263D516500131C54 /* SceneDelegate.swift */; };
		43A26E1F263D516500131C54 /* ViewController.swift in Sources */ = {isa = PBXBuildFile; fileRef = 43A26E1E263D516500131C54 /* ViewController.swift */; };
		43A26E22263D516500131C54 /* Main.storyboard in Resources */ = {isa = PBXBuildFile; fileRef = 43A26E20263D516500131C54 /* Main.storyboard */; };
		43A26E24263D516700131C54 /* Assets.xcassets in Resources */ = {isa = PBXBuildFile; fileRef = 43A26E23263D516700131C54 /* Assets.xcassets */; };
		43A26E27263D516700131C54 /* LaunchScreen.storyboard in Resources */ = {isa = PBXBuildFile; fileRef = 43A26E25263D516700131C54 /* LaunchScreen.storyboard */; };
/* End PBXBuildFile section */

/* Begin PBXFileReference section */
		431F1CD0263EC03100346715 /* periphericalyCentral.plist */ = {isa = PBXFileReference; lastKnownFileType = text.plist.xml; path = periphericalyCentral.plist; sourceTree = "<group>"; };
		43A26E17263D516500131C54 /* PeriphericalyCentral.app */ = {isa = PBXFileReference; explicitFileType = wrapper.application; includeInIndex = 0; path = PeriphericalyCentral.app; sourceTree = BUILT_PRODUCTS_DIR; };
		43A26E1A263D516500131C54 /* AppDelegate.swift */ = {isa = PBXFileReference; lastKnownFileType = sourcecode.swift; path = AppDelegate.swift; sourceTree = "<group>"; };
		43A26E1C263D516500131C54 /* SceneDelegate.swift */ = {isa = PBXFileReference; lastKnownFileType = sourcecode.swift; path = SceneDelegate.swift; sourceTree = "<group>"; };
		43A26E1E263D516500131C54 /* ViewController.swift */ = {isa = PBXFileReference; lastKnownFileType = sourcecode.swift; path = ViewController.swift; sourceTree = "<group>"; };
		43A26E21263D516500131C54 /* Base */ = {isa = PBXFileReference; lastKnownFileType = file.storyboard; name = Base; path = Base.lproj/Main.storyboard; sourceTree = "<group>"; };
		43A26E23263D516700131C54 /* Assets.xcassets */ = {isa = PBXFileReference; lastKnownFileType = folder.assetcatalog; path = Assets.xcassets; sourceTree = "<group>"; };
		43A26E26263D516700131C54 /* Base */ = {isa = PBXFileReference; lastKnownFileType = file.storyboard; name = Base; path = Base.lproj/LaunchScreen.storyboard; sourceTree = "<group>"; };
		43A26E28263D516700131C54 /* Info.plist */ = {isa = PBXFileReference; lastKnownFileType = text.plist.xml; path = Info.plist; sourceTree = "<group>"; };
/* End PBXFileReference section */

/* Begin PBXFrameworksBuildPhase section */
		43A26E14263D516500131C54 /* Frameworks */ = {
			isa = PBXFrameworksBuildPhase;
			buildActionMask = 2147483647;
			files = (
			);
			runOnlyForDeploymentPostprocessing = 0;
		};
/* End PBXFrameworksBuildPhase section */

/* Begin PBXGroup section */
		43A26E0E263D516400131C54 = {
			isa = PBXGroup;
			children = (
				43A26E19263D516500131C54 /* PeriphericalyCentral */,
				43A26E18263D516500131C54 /* Products */,
			);
			sourceTree = "<group>";
		};
		43A26E18263D516500131C54 /* Products */ = {
			isa = PBXGroup;
			children = (
				43A26E17263D516500131C54 /* PeriphericalyCentral.app */,
			);
			name = Products;
			sourceTree = "<group>";
		};
		43A26E19263D516500131C54 /* PeriphericalyCentral */ = {
			isa = PBXGroup;
			children = (
				43A26E1A263D516500131C54 /* AppDelegate.swift */,
				43A26E1C263D516500131C54 /* SceneDelegate.swift */,
				43A26E1E263D516500131C54 /* ViewController.swift */,
				43A26E20263D516500131C54 /* Main.storyboard */,
				43A26E23263D516700131C54 /* Assets.xcassets */,
				43A26E25263D516700131C54 /* LaunchScreen.storyboard */,
				43A26E28263D516700131C54 /* Info.plist */,
				431F1CD0263EC03100346715 /* periphericalyCentral.plist */,
			);
			path = PeriphericalyCentral;
			sourceTree = "<group>";
		};
/* End PBXGroup section */

/* Begin PBXNativeTarget section */
		43A26E16263D516500131C54 /* PeriphericalyCentral */ = {
			isa = PBXNativeTarget;
			buildConfigurationList = 43A26E2B263D516700131C54 /* Build configuration list for PBXNativeTarget "PeriphericalyCentral" */;
			buildPhases = (
				43A26E13263D516500131C54 /* Sources */,
				43A26E14263D516500131C54 /* Frameworks */,
				43A26E15263D516500131C54 /* Resources */,
			);
			buildRules = (
			);
			dependencies = (
			);
			name = PeriphericalyCentral;
			productName = PeriphericalyCentral;
			productReference = 43A26E17263D516500131C54 /* PeriphericalyCentral.app */;
			productType = "com.apple.product-type.application";
		};
/* End PBXNativeTarget section */

/* Begin PBXProject section */
		43A26E0F263D516400131C54 /* Project object */ = {
			isa = PBXProject;
			attributes = {
				LastSwiftUpdateCheck = 1240;
				LastUpgradeCheck = 1240;
				TargetAttributes = {
					43A26E16263D516500131C54 = {
						CreatedOnToolsVersion = 12.4;
					};
				};
			};
			buildConfigurationList = 43A26E12263D516400131C54 /* Build configuration list for PBXProject "PeriphericalyCentral" */;
			compatibilityVersion = "Xcode 9.3";
			developmentRegion = en;
			hasScannedForEncodings = 0;
			knownRegions = (
				en,
				Base,
			);
			mainGroup = 43A26E0E263D516400131C54;
			productRefGroup = 43A26E18263D516500131C54 /* Products */;
			projectDirPath = "";
			projectRoot = "";
			targets = (
				43A26E16263D516500131C54 /* PeriphericalyCentral */,
			);
		};
/* End PBXProject section */

/* Begin PBXResourcesBuildPhase section */
		43A26E15263D516500131C54 /* Resources */ = {
			isa = PBXResourcesBuildPhase;
			buildActionMask = 2147483647;
			files = (
				43A26E27263D516700131C54 /* LaunchScreen.storyboard in Resources */,
				43A26E24263D516700131C54 /* Assets.xcassets in Resources */,
				431F1CD1263EC03100346715 /* periphericalyCentral.plist in Resources */,
				43A26E22263D516500131C54 /* Main.storyboard in Resources */,
			);
			runOnlyForDeploymentPostprocessing = 0;
		};
/* End PBXResourcesBuildPhase section */

/* Begin PBXSourcesBuildPhase section */
		43A26E13263D516500131C54 /* Sources */ = {
			isa = PBXSourcesBuildPhase;
			buildActionMask = 2147483647;
			files = (
				43A26E1F263D516500131C54 /* ViewController.swift in Sources */,
				43A26E1B263D516500131C54 /* AppDelegate.swift in Sources */,
				43A26E1D263D516500131C54 /* SceneDelegate.swift in Sources */,
			);
			runOnlyForDeploymentPostprocessing = 0;
		};
/* End PBXSourcesBuildPhase section */

/* Begin PBXVariantGroup section */
		43A26E20263D516500131C54 /* Main.storyboard */ = {
			isa = PBXVariantGroup;
			children = (
				43A26E21263D516500131C54 /* Base */,
			);
			name = Main.storyboard;
			sourceTree = "<group>";
		};
		43A26E25263D516700131C54 /* LaunchScreen.storyboard */ = {
			isa = PBXVariantGroup;
			children = (
				43A26E26263D516700131C54 /* Base */,
			);
			name = LaunchScreen.storyboard;
			sourceTree = "<group>";
		};
/* End PBXVariantGroup section */

/* Begin XCBuildConfiguration section */
		43A26E29263D516700131C54 /* Debug */ = {
			isa = XCBuildConfiguration;
			buildSettings = {
				ALWAYS_SEARCH_USER_PATHS = NO;
				CLANG_ANALYZER_NONNULL = YES;
				CLANG_ANALYZER_NUMBER_OBJECT_CONVERSION = YES_AGGRESSIVE;
				CLANG_CXX_LANGUAGE_STANDARD = "gnu++14";
				CLANG_CXX_LIBRARY = "libc++";
				CLANG_ENABLE_MODULES = YES;
				CLANG_ENABLE_OBJC_ARC = YES;
				CLANG_ENABLE_OBJC_WEAK = YES;
				CLANG_WARN_BLOCK_CAPTURE_AUTORELEASING = YES;
				CLANG_WARN_BOOL_CONVERSION = YES;
				CLANG_WARN_COMMA = YES;
				CLANG_WARN_CONSTANT_CONVERSION = YES;
				CLANG_WARN_DEPRECATED_OBJC_IMPLEMENTATIONS = YES;
				CLANG_WARN_DIRECT_OBJC_ISA_USAGE = YES_ERROR;
				CLANG_WARN_DOCUMENTATION_COMMENTS = YES;
				CLANG_WARN_EMPTY_BODY = YES;
				CLANG_WARN_ENUM_CONVERSION = YES;
				CLANG_WARN_INFINITE_RECURSION = YES;
				CLANG_WARN_INT_CONVERSION = YES;
				CLANG_WARN_NON_LITERAL_NULL_CONVERSION = YES;
				CLANG_WARN_OBJC_IMPLICIT_RETAIN_SELF = YES;
				CLANG_WARN_OBJC_LITERAL_CONVERSION = YES;
				CLANG_WARN_OBJC_ROOT_CLASS = YES_ERROR;
				CLANG_WARN_QUOTED_INCLUDE_IN_FRAMEWORK_HEADER = YES;
				CLANG_WARN_RANGE_LOOP_ANALYSIS = YES;
				CLANG_WARN_STRICT_PROTOTYPES = YES;
				CLANG_WARN_SUSPICIOUS_MOVE = YES;
				CLANG_WARN_UNGUARDED_AVAILABILITY = YES_AGGRESSIVE;
				CLANG_WARN_UNREACHABLE_CODE = YES;
				CLANG_WARN__DUPLICATE_METHOD_MATCH = YES;
				COPY_PHASE_STRIP = NO;
				DEBUG_INFORMATION_FORMAT = dwarf;
				ENABLE_STRICT_OBJC_MSGSEND = YES;
				ENABLE_TESTABILITY = YES;
				GCC_C_LANGUAGE_STANDARD = gnu11;
				GCC_DYNAMIC_NO_PIC = NO;
				GCC_NO_COMMON_BLOCKS = YES;
				GCC_OPTIMIZATION_LEVEL = 0;
				GCC_PREPROCESSOR_DEFINITIONS = (
					"DEBUG=1",
					"$(inherited)",
				);
				GCC_WARN_64_TO_32_BIT_CONVERSION = YES;
				GCC_WARN_ABOUT_RETURN_TYPE = YES_ERROR;
				GCC_WARN_UNDECLARED_SELECTOR = YES;
				GCC_WARN_UNINITIALIZED_AUTOS = YES_AGGRESSIVE;
				GCC_WARN_UNUSED_FUNCTION = YES;
				GCC_WARN_UNUSED_VARIABLE = YES;
				IPHONEOS_DEPLOYMENT_TARGET = 14.4;
				MTL_ENABLE_DEBUG_INFO = INCLUDE_SOURCE;
				MTL_FAST_MATH = YES;
				ONLY_ACTIVE_ARCH = YES;
				SDKROOT = iphoneos;
				SWIFT_ACTIVE_COMPILATION_CONDITIONS = DEBUG;
				SWIFT_OPTIMIZATION_LEVEL = "-Onone";
			};
			name = Debug;
		};
		43A26E2A263D516700131C54 /* Release */ = {
			isa = XCBuildConfiguration;
			buildSettings = {
				ALWAYS_SEARCH_USER_PATHS = NO;
				CLANG_ANALYZER_NONNULL = YES;
				CLANG_ANALYZER_NUMBER_OBJECT_CONVERSION = YES_AGGRESSIVE;
				CLANG_CXX_LANGUAGE_STANDARD = "gnu++14";
				CLANG_CXX_LIBRARY = "libc++";
				CLANG_ENABLE_MODULES = YES;
				CLANG_ENABLE_OBJC_ARC = YES;
				CLANG_ENABLE_OBJC_WEAK = YES;
				CLANG_WARN_BLOCK_CAPTURE_AUTORELEASING = YES;
				CLANG_WARN_BOOL_CONVERSION = YES;
				CLANG_WARN_COMMA = YES;
				CLANG_WARN_CONSTANT_CONVERSION = YES;
				CLANG_WARN_DEPRECATED_OBJC_IMPLEMENTATIONS = YES;
				CLANG_WARN_DIRECT_OBJC_ISA_USAGE = YES_ERROR;
				CLANG_WARN_DOCUMENTATION_COMMENTS = YES;
				CLANG_WARN_EMPTY_BODY = YES;
				CLANG_WARN_ENUM_CONVERSION = YES;
				CLANG_WARN_INFINITE_RECURSION = YES;
				CLANG_WARN_INT_CONVERSION = YES;
				CLANG_WARN_NON_LITERAL_NULL_CONVERSION = YES;
				CLANG_WARN_OBJC_IMPLICIT_RETAIN_SELF = YES;
				CLANG_WARN_OBJC_LITERAL_CONVERSION = YES;
				CLANG_WARN_OBJC_ROOT_CLASS = YES_ERROR;
				CLANG_WARN_QUOTED_INCLUDE_IN_FRAMEWORK_HEADER = YES;
				CLANG_WARN_RANGE_LOOP_ANALYSIS = YES;
				CLANG_WARN_STRICT_PROTOTYPES = YES;
				CLANG_WARN_SUSPICIOUS_MOVE = YES;
				CLANG_WARN_UNGUARDED_AVAILABILITY = YES_AGGRESSIVE;
				CLANG_WARN_UNREACHABLE_CODE = YES;
				CLANG_WARN__DUPLICATE_METHOD_MATCH = YES;
				COPY_PHASE_STRIP = NO;
				DEBUG_INFORMATION_FORMAT = "dwarf-with-dsym";
				ENABLE_NS_ASSERTIONS = NO;
				ENABLE_STRICT_OBJC_MSGSEND = YES;
				GCC_C_LANGUAGE_STANDARD = gnu11;
				GCC_NO_COMMON_BLOCKS = YES;
				GCC_WARN_64_TO_32_BIT_CONVERSION = YES;
				GCC_WARN_ABOUT_RETURN_TYPE = YES_ERROR;
				GCC_WARN_UNDECLARED_SELECTOR = YES;
				GCC_WARN_UNINITIALIZED_AUTOS = YES_AGGRESSIVE;
				GCC_WARN_UNUSED_FUNCTION = YES;
				GCC_WARN_UNUSED_VARIABLE = YES;
				IPHONEOS_DEPLOYMENT_TARGET = 14.4;
				MTL_ENABLE_DEBUG_INFO = NO;
				MTL_FAST_MATH = YES;
				SDKROOT = iphoneos;
				SWIFT_COMPILATION_MODE = wholemodule;
				SWIFT_OPTIMIZATION_LEVEL = "-O";
				VALIDATE_PRODUCT = YES;
			};
			name = Release;
		};
		43A26E2C263D516700131C54 /* Debug */ = {
			isa = XCBuildConfiguration;
			buildSettings = {
				ASSETCATALOG_COMPILER_APPICON_NAME = AppIcon;
				ASSETCATALOG_COMPILER_GLOBAL_ACCENT_COLOR_NAME = AccentColor;
				CODE_SIGN_STYLE = Automatic;
				DEVELOPMENT_TEAM = 3S952AGH46;
				INFOPLIST_FILE = PeriphericalyCentral/Info.plist;
				LD_RUNPATH_SEARCH_PATHS = (
					"$(inherited)",
					"@executable_path/Frameworks",
				);
				PRODUCT_BUNDLE_IDENTIFIER = yaser.94ae.PeriphericalyCentral;
				PRODUCT_NAME = "$(TARGET_NAME)";
				SWIFT_VERSION = 5.0;
				TARGETED_DEVICE_FAMILY = "1,2";
			};
			name = Debug;
		};
		43A26E2D263D516700131C54 /* Release */ = {
			isa = XCBuildConfiguration;
			buildSettings = {
				ASSETCATALOG_COMPILER_APPICON_NAME = AppIcon;
				ASSETCATALOG_COMPILER_GLOBAL_ACCENT_COLOR_NAME = AccentColor;
				CODE_SIGN_STYLE = Automatic;
				DEVELOPMENT_TEAM = 3S952AGH46;
				INFOPLIST_FILE = PeriphericalyCentral/Info.plist;
				LD_RUNPATH_SEARCH_PATHS = (
					"$(inherited)",
					"@executable_path/Frameworks",
				);
				PRODUCT_BUNDLE_IDENTIFIER = yaser.94ae.PeriphericalyCentral;
				PRODUCT_NAME = "$(TARGET_NAME)";
				SWIFT_VERSION = 5.0;
				TARGETED_DEVICE_FAMILY = "1,2";
			};
			name = Release;
		};
/* End XCBuildConfiguration section */

/* Begin XCConfigurationList section */
		43A26E12263D516400131C54 /* Build configuration list for PBXProject "PeriphericalyCentral" */ = {
			isa = XCConfigurationList;
			buildConfigurations = (
				43A26E29263D516700131C54 /* Debug */,
				43A26E2A263D516700131C54 /* Release */,
			);
			defaultConfigurationIsVisible = 0;
			defaultConfigurationName = Release;
		};
		43A26E2B263D516700131C54 /* Build configuration list for PBXNativeTarget "PeriphericalyCentral" */ = {
			isa = XCConfigurationList;
			buildConfigurations = (
				43A26E2C263D516700131C54 /* Debug */,
				43A26E2D263D516700131C54 /* Release */,
			);
			defaultConfigurationIsVisible = 0;
			defaultConfigurationName = Release;
		};
/* End XCConfigurationList section */
	};
	rootObject = 43A26E0F263D516400131C54 /* Project object */;
}
