// !$*UTF8*$!
{
	archiveVersion = 1;
	classes = {
	};
	objectVersion = 50;
	objects = {

/* Begin PBXBuildFile section */
		43560E192565DDE100C11295 /* AppDelegate.swift in Sources */ = {isa = PBXBuildFile; fileRef = 43560E182565DDE100C11295 /* AppDelegate.swift */; };
		43560E1B2565DDE100C11295 /* SceneDelegate.swift in Sources */ = {isa = PBXBuildFile; fileRef = 43560E1A2565DDE100C11295 /* SceneDelegate.swift */; };
		43560E1D2565DDE100C11295 /* ViewController.swift in Sources */ = {isa = PBXBuildFile; fileRef = 43560E1C2565DDE100C11295 /* ViewController.swift */; };
		43560E202565DDE100C11295 /* Main.storyboard in Resources */ = {isa = PBXBuildFile; fileRef = 43560E1E2565DDE100C11295 /* Main.storyboard */; };
		43560E222565DDE300C11295 /* Assets.xcassets in Resources */ = {isa = PBXBuildFile; fileRef = 43560E212565DDE300C11295 /* Assets.xcassets */; };
		43560E252565DDE300C11295 /* LaunchScreen.storyboard in Resources */ = {isa = PBXBuildFile; fileRef = 43560E232565DDE300C11295 /* LaunchScreen.storyboard */; };
		43560E2D2565DF2B00C11295 /* ViewControllerSecundario.swift in Sources */ = {isa = PBXBuildFile; fileRef = 43560E2C2565DF2B00C11295 /* ViewControllerSecundario.swift */; };
/* End PBXBuildFile section */

/* Begin PBXFileReference section */
		43560E152565DDE100C11295 /* NavegacionStoryboard.app */ = {isa = PBXFileReference; explicitFileType = wrapper.application; includeInIndex = 0; path = NavegacionStoryboard.app; sourceTree = BUILT_PRODUCTS_DIR; };
		43560E182565DDE100C11295 /* AppDelegate.swift */ = {isa = PBXFileReference; lastKnownFileType = sourcecode.swift; path = AppDelegate.swift; sourceTree = "<group>"; };
		43560E1A2565DDE100C11295 /* SceneDelegate.swift */ = {isa = PBXFileReference; lastKnownFileType = sourcecode.swift; path = SceneDelegate.swift; sourceTree = "<group>"; };
		43560E1C2565DDE100C11295 /* ViewController.swift */ = {isa = PBXFileReference; lastKnownFileType = sourcecode.swift; path = ViewController.swift; sourceTree = "<group>"; };
		43560E1F2565DDE100C11295 /* Base */ = {isa = PBXFileReference; lastKnownFileType = file.storyboard; name = Base; path = Base.lproj/Main.storyboard; sourceTree = "<group>"; };
		43560E212565DDE300C11295 /* Assets.xcassets */ = {isa = PBXFileReference; lastKnownFileType = folder.assetcatalog; path = Assets.xcassets; sourceTree = "<group>"; };
		43560E242565DDE300C11295 /* Base */ = {isa = PBXFileReference; lastKnownFileType = file.storyboard; name = Base; path = Base.lproj/LaunchScreen.storyboard; sourceTree = "<group>"; };
		43560E262565DDE300C11295 /* Info.plist */ = {isa = PBXFileReference; lastKnownFileType = text.plist.xml; path = Info.plist; sourceTree = "<group>"; };
		43560E2C2565DF2B00C11295 /* ViewControllerSecundario.swift */ = {isa = PBXFileReference; lastKnownFileType = sourcecode.swift; path = ViewControllerSecundario.swift; sourceTree = "<group>"; };
/* End PBXFileReference section */

/* Begin PBXFrameworksBuildPhase section */
		43560E122565DDE100C11295 /* Frameworks */ = {
			isa = PBXFrameworksBuildPhase;
			buildActionMask = 2147483647;
			files = (
			);
			runOnlyForDeploymentPostprocessing = 0;
		};
/* End PBXFrameworksBuildPhase section */

/* Begin PBXGroup section */
		43560E0C2565DDE100C11295 = {
			isa = PBXGroup;
			children = (
				43560E172565DDE100C11295 /* NavegacionStoryboard */,
				43560E162565DDE100C11295 /* Products */,
			);
			sourceTree = "<group>";
		};
		43560E162565DDE100C11295 /* Products */ = {
			isa = PBXGroup;
			children = (
				43560E152565DDE100C11295 /* NavegacionStoryboard.app */,
			);
			name = Products;
			sourceTree = "<group>";
		};
		43560E172565DDE100C11295 /* NavegacionStoryboard */ = {
			isa = PBXGroup;
			children = (
				43560E182565DDE100C11295 /* AppDelegate.swift */,
				43560E1A2565DDE100C11295 /* SceneDelegate.swift */,
				43560E1C2565DDE100C11295 /* ViewController.swift */,
				43560E1E2565DDE100C11295 /* Main.storyboard */,
				43560E2C2565DF2B00C11295 /* ViewControllerSecundario.swift */,
				43560E212565DDE300C11295 /* Assets.xcassets */,
				43560E232565DDE300C11295 /* LaunchScreen.storyboard */,
				43560E262565DDE300C11295 /* Info.plist */,
			);
			path = NavegacionStoryboard;
			sourceTree = "<group>";
		};
/* End PBXGroup section */

/* Begin PBXNativeTarget section */
		43560E142565DDE100C11295 /* NavegacionStoryboard */ = {
			isa = PBXNativeTarget;
			buildConfigurationList = 43560E292565DDE300C11295 /* Build configuration list for PBXNativeTarget "NavegacionStoryboard" */;
			buildPhases = (
				43560E112565DDE100C11295 /* Sources */,
				43560E122565DDE100C11295 /* Frameworks */,
				43560E132565DDE100C11295 /* Resources */,
			);
			buildRules = (
			);
			dependencies = (
			);
			name = NavegacionStoryboard;
			productName = NavegacionStoryboard;
			productReference = 43560E152565DDE100C11295 /* NavegacionStoryboard.app */;
			productType = "com.apple.product-type.application";
		};
/* End PBXNativeTarget section */

/* Begin PBXProject section */
		43560E0D2565DDE100C11295 /* Project object */ = {
			isa = PBXProject;
			attributes = {
				LastSwiftUpdateCheck = 1150;
				LastUpgradeCheck = 1150;
				ORGANIZATIONNAME = "Yaser ";
				TargetAttributes = {
					43560E142565DDE100C11295 = {
						CreatedOnToolsVersion = 11.5;
					};
				};
			};
			buildConfigurationList = 43560E102565DDE100C11295 /* Build configuration list for PBXProject "NavegacionStoryboard" */;
			compatibilityVersion = "Xcode 9.3";
			developmentRegion = en;
			hasScannedForEncodings = 0;
			knownRegions = (
				en,
				Base,
			);
			mainGroup = 43560E0C2565DDE100C11295;
			productRefGroup = 43560E162565DDE100C11295 /* Products */;
			projectDirPath = "";
			projectRoot = "";
			targets = (
				43560E142565DDE100C11295 /* NavegacionStoryboard */,
			);
		};
/* End PBXProject section */

/* Begin PBXResourcesBuildPhase section */
		43560E132565DDE100C11295 /* Resources */ = {
			isa = PBXResourcesBuildPhase;
			buildActionMask = 2147483647;
			files = (
				43560E252565DDE300C11295 /* LaunchScreen.storyboard in Resources */,
				43560E222565DDE300C11295 /* Assets.xcassets in Resources */,
				43560E202565DDE100C11295 /* Main.storyboard in Resources */,
			);
			runOnlyForDeploymentPostprocessing = 0;
		};
/* End PBXResourcesBuildPhase section */

/* Begin PBXSourcesBuildPhase section */
		43560E112565DDE100C11295 /* Sources */ = {
			isa = PBXSourcesBuildPhase;
			buildActionMask = 2147483647;
			files = (
				43560E1D2565DDE100C11295 /* ViewController.swift in Sources */,
				43560E2D2565DF2B00C11295 /* ViewControllerSecundario.swift in Sources */,
				43560E192565DDE100C11295 /* AppDelegate.swift in Sources */,
				43560E1B2565DDE100C11295 /* SceneDelegate.swift in Sources */,
			);
			runOnlyForDeploymentPostprocessing = 0;
		};
/* End PBXSourcesBuildPhase section */

/* Begin PBXVariantGroup section */
		43560E1E2565DDE100C11295 /* Main.storyboard */ = {
			isa = PBXVariantGroup;
			children = (
				43560E1F2565DDE100C11295 /* Base */,
			);
			name = Main.storyboard;
			sourceTree = "<group>";
		};
		43560E232565DDE300C11295 /* LaunchScreen.storyboard */ = {
			isa = PBXVariantGroup;
			children = (
				43560E242565DDE300C11295 /* Base */,
			);
			name = LaunchScreen.storyboard;
			sourceTree = "<group>";
		};
/* End PBXVariantGroup section */

/* Begin XCBuildConfiguration section */
		43560E272565DDE300C11295 /* Debug */ = {
			isa = XCBuildConfiguration;
			buildSettings = {
				ALWAYS_SEARCH_USER_PATHS = NO;
				CLANG_ANALYZER_NONNULL = YES;
				CLANG_ANALYZER_NUMBER_OBJECT_CONVERSION = YES_AGGRESSIVE;
				CLANG_CXX_LANGUAGE_STANDARD = "gnu++14";
				CLANG_CXX_LIBRARY = "libc++";
				CLANG_ENABLE_MODULES = YES;
				CLANG_ENABLE_OBJC_ARC = YES;
				CLANG_ENABLE_OBJC_WEAK = YES;
				CLANG_WARN_BLOCK_CAPTURE_AUTORELEASING = YES;
				CLANG_WARN_BOOL_CONVERSION = YES;
				CLANG_WARN_COMMA = YES;
				CLANG_WARN_CONSTANT_CONVERSION = YES;
				CLANG_WARN_DEPRECATED_OBJC_IMPLEMENTATIONS = YES;
				CLANG_WARN_DIRECT_OBJC_ISA_USAGE = YES_ERROR;
				CLANG_WARN_DOCUMENTATION_COMMENTS = YES;
				CLANG_WARN_EMPTY_BODY = YES;
				CLANG_WARN_ENUM_CONVERSION = YES;
				CLANG_WARN_INFINITE_RECURSION = YES;
				CLANG_WARN_INT_CONVERSION = YES;
				CLANG_WARN_NON_LITERAL_NULL_CONVERSION = YES;
				CLANG_WARN_OBJC_IMPLICIT_RETAIN_SELF = YES;
				CLANG_WARN_OBJC_LITERAL_CONVERSION = YES;
				CLANG_WARN_OBJC_ROOT_CLASS = YES_ERROR;
				CLANG_WARN_RANGE_LOOP_ANALYSIS = YES;
				CLANG_WARN_STRICT_PROTOTYPES = YES;
				CLANG_WARN_SUSPICIOUS_MOVE = YES;
				CLANG_WARN_UNGUARDED_AVAILABILITY = YES_AGGRESSIVE;
				CLANG_WARN_UNREACHABLE_CODE = YES;
				CLANG_WARN__DUPLICATE_METHOD_MATCH = YES;
				COPY_PHASE_STRIP = NO;
				DEBUG_INFORMATION_FORMAT = dwarf;
				ENABLE_STRICT_OBJC_MSGSEND = YES;
				ENABLE_TESTABILITY = YES;
				GCC_C_LANGUAGE_STANDARD = gnu11;
				GCC_DYNAMIC_NO_PIC = NO;
				GCC_NO_COMMON_BLOCKS = YES;
				GCC_OPTIMIZATION_LEVEL = 0;
				GCC_PREPROCESSOR_DEFINITIONS = (
					"DEBUG=1",
					"$(inherited)",
				);
				GCC_WARN_64_TO_32_BIT_CONVERSION = YES;
				GCC_WARN_ABOUT_RETURN_TYPE = YES_ERROR;
				GCC_WARN_UNDECLARED_SELECTOR = YES;
				GCC_WARN_UNINITIALIZED_AUTOS = YES_AGGRESSIVE;
				GCC_WARN_UNUSED_FUNCTION = YES;
				GCC_WARN_UNUSED_VARIABLE = YES;
				IPHONEOS_DEPLOYMENT_TARGET = 13.5;
				MTL_ENABLE_DEBUG_INFO = INCLUDE_SOURCE;
				MTL_FAST_MATH = YES;
				ONLY_ACTIVE_ARCH = YES;
				SDKROOT = iphoneos;
				SWIFT_ACTIVE_COMPILATION_CONDITIONS = DEBUG;
				SWIFT_OPTIMIZATION_LEVEL = "-Onone";
			};
			name = Debug;
		};
		43560E282565DDE300C11295 /* Release */ = {
			isa = XCBuildConfiguration;
			buildSettings = {
				ALWAYS_SEARCH_USER_PATHS = NO;
				CLANG_ANALYZER_NONNULL = YES;
				CLANG_ANALYZER_NUMBER_OBJECT_CONVERSION = YES_AGGRESSIVE;
				CLANG_CXX_LANGUAGE_STANDARD = "gnu++14";
				CLANG_CXX_LIBRARY = "libc++";
				CLANG_ENABLE_MODULES = YES;
				CLANG_ENABLE_OBJC_ARC = YES;
				CLANG_ENABLE_OBJC_WEAK = YES;
				CLANG_WARN_BLOCK_CAPTURE_AUTORELEASING = YES;
				CLANG_WARN_BOOL_CONVERSION = YES;
				CLANG_WARN_COMMA = YES;
				CLANG_WARN_CONSTANT_CONVERSION = YES;
				CLANG_WARN_DEPRECATED_OBJC_IMPLEMENTATIONS = YES;
				CLANG_WARN_DIRECT_OBJC_ISA_USAGE = YES_ERROR;
				CLANG_WARN_DOCUMENTATION_COMMENTS = YES;
				CLANG_WARN_EMPTY_BODY = YES;
				CLANG_WARN_ENUM_CONVERSION = YES;
				CLANG_WARN_INFINITE_RECURSION = YES;
				CLANG_WARN_INT_CONVERSION = YES;
				CLANG_WARN_NON_LITERAL_NULL_CONVERSION = YES;
				CLANG_WARN_OBJC_IMPLICIT_RETAIN_SELF = YES;
				CLANG_WARN_OBJC_LITERAL_CONVERSION = YES;
				CLANG_WARN_OBJC_ROOT_CLASS = YES_ERROR;
				CLANG_WARN_RANGE_LOOP_ANALYSIS = YES;
				CLANG_WARN_STRICT_PROTOTYPES = YES;
				CLANG_WARN_SUSPICIOUS_MOVE = YES;
				CLANG_WARN_UNGUARDED_AVAILABILITY = YES_AGGRESSIVE;
				CLANG_WARN_UNREACHABLE_CODE = YES;
				CLANG_WARN__DUPLICATE_METHOD_MATCH = YES;
				COPY_PHASE_STRIP = NO;
				DEBUG_INFORMATION_FORMAT = "dwarf-with-dsym";
				ENABLE_NS_ASSERTIONS = NO;
				ENABLE_STRICT_OBJC_MSGSEND = YES;
				GCC_C_LANGUAGE_STANDARD = gnu11;
				GCC_NO_COMMON_BLOCKS = YES;
				GCC_WARN_64_TO_32_BIT_CONVERSION = YES;
				GCC_WARN_ABOUT_RETURN_TYPE = YES_ERROR;
				GCC_WARN_UNDECLARED_SELECTOR = YES;
				GCC_WARN_UNINITIALIZED_AUTOS = YES_AGGRESSIVE;
				GCC_WARN_UNUSED_FUNCTION = YES;
				GCC_WARN_UNUSED_VARIABLE = YES;
				IPHONEOS_DEPLOYMENT_TARGET = 13.5;
				MTL_ENABLE_DEBUG_INFO = NO;
				MTL_FAST_MATH = YES;
				SDKROOT = iphoneos;
				SWIFT_COMPILATION_MODE = wholemodule;
				SWIFT_OPTIMIZATION_LEVEL = "-O";
				VALIDATE_PRODUCT = YES;
			};
			name = Release;
		};
		43560E2A2565DDE300C11295 /* Debug */ = {
			isa = XCBuildConfiguration;
			buildSettings = {
				ASSETCATALOG_COMPILER_APPICON_NAME = AppIcon;
				CODE_SIGN_STYLE = Automatic;
				INFOPLIST_FILE = NavegacionStoryboard/Info.plist;
				LD_RUNPATH_SEARCH_PATHS = (
					"$(inherited)",
					"@executable_path/Frameworks",
				);
				PRODUCT_BUNDLE_IDENTIFIER = eps.ua.es.NavegacionStoryboard;
				PRODUCT_NAME = "$(TARGET_NAME)";
				SWIFT_VERSION = 5.0;
				TARGETED_DEVICE_FAMILY = "1,2";
			};
			name = Debug;
		};
		43560E2B2565DDE300C11295 /* Release */ = {
			isa = XCBuildConfiguration;
			buildSettings = {
				ASSETCATALOG_COMPILER_APPICON_NAME = AppIcon;
				CODE_SIGN_STYLE = Automatic;
				INFOPLIST_FILE = NavegacionStoryboard/Info.plist;
				LD_RUNPATH_SEARCH_PATHS = (
					"$(inherited)",
					"@executable_path/Frameworks",
				);
				PRODUCT_BUNDLE_IDENTIFIER = eps.ua.es.NavegacionStoryboard;
				PRODUCT_NAME = "$(TARGET_NAME)";
				SWIFT_VERSION = 5.0;
				TARGETED_DEVICE_FAMILY = "1,2";
			};
			name = Release;
		};
/* End XCBuildConfiguration section */

/* Begin XCConfigurationList section */
		43560E102565DDE100C11295 /* Build configuration list for PBXProject "NavegacionStoryboard" */ = {
			isa = XCConfigurationList;
			buildConfigurations = (
				43560E272565DDE300C11295 /* Debug */,
				43560E282565DDE300C11295 /* Release */,
			);
			defaultConfigurationIsVisible = 0;
			defaultConfigurationName = Release;
		};
		43560E292565DDE300C11295 /* Build configuration list for PBXNativeTarget "NavegacionStoryboard" */ = {
			isa = XCConfigurationList;
			buildConfigurations = (
				43560E2A2565DDE300C11295 /* Debug */,
				43560E2B2565DDE300C11295 /* Release */,
			);
			defaultConfigurationIsVisible = 0;
			defaultConfigurationName = Release;
		};
/* End XCConfigurationList section */
	};
	rootObject = 43560E0D2565DDE100C11295 /* Project object */;
}
