// !$*UTF8*$!
{
	archiveVersion = 1;
	classes = {
	};
	objectVersion = 50;
	objects = {

/* Begin PBXBuildFile section */
		43745BB52565E50B006F3D57 /* AppDelegate.swift in Sources */ = {isa = PBXBuildFile; fileRef = 43745BB42565E50B006F3D57 /* AppDelegate.swift */; };
		43745BB72565E50B006F3D57 /* SceneDelegate.swift in Sources */ = {isa = PBXBuildFile; fileRef = 43745BB62565E50B006F3D57 /* SceneDelegate.swift */; };
		43745BB92565E50B006F3D57 /* ViewController.swift in Sources */ = {isa = PBXBuildFile; fileRef = 43745BB82565E50B006F3D57 /* ViewController.swift */; };
		43745BBC2565E50B006F3D57 /* Main.storyboard in Resources */ = {isa = PBXBuildFile; fileRef = 43745BBA2565E50B006F3D57 /* Main.storyboard */; };
		43745BBE2565E50D006F3D57 /* Assets.xcassets in Resources */ = {isa = PBXBuildFile; fileRef = 43745BBD2565E50D006F3D57 /* Assets.xcassets */; };
		43745BC12565E50D006F3D57 /* LaunchScreen.storyboard in Resources */ = {isa = PBXBuildFile; fileRef = 43745BBF2565E50D006F3D57 /* LaunchScreen.storyboard */; };
		43745BC92565EC15006F3D57 /* SecundarioViewController.swift in Sources */ = {isa = PBXBuildFile; fileRef = 43745BC82565EC15006F3D57 /* SecundarioViewController.swift */; };
		43745BCD2565EC84006F3D57 /* hopper.txt in Resources */ = {isa = PBXBuildFile; fileRef = 43745BCA2565EC84006F3D57 /* hopper.txt */; };
		43745BCE2565EC84006F3D57 /* lovelace.txt in Resources */ = {isa = PBXBuildFile; fileRef = 43745BCB2565EC84006F3D57 /* lovelace.txt */; };
		43745BCF2565EC84006F3D57 /* liskov.txt in Resources */ = {isa = PBXBuildFile; fileRef = 43745BCC2565EC84006F3D57 /* liskov.txt */; };
/* End PBXBuildFile section */

/* Begin PBXFileReference section */
		43745BB12565E50B006F3D57 /* Pioneras.app */ = {isa = PBXFileReference; explicitFileType = wrapper.application; includeInIndex = 0; path = Pioneras.app; sourceTree = BUILT_PRODUCTS_DIR; };
		43745BB42565E50B006F3D57 /* AppDelegate.swift */ = {isa = PBXFileReference; lastKnownFileType = sourcecode.swift; path = AppDelegate.swift; sourceTree = "<group>"; };
		43745BB62565E50B006F3D57 /* SceneDelegate.swift */ = {isa = PBXFileReference; lastKnownFileType = sourcecode.swift; path = SceneDelegate.swift; sourceTree = "<group>"; };
		43745BB82565E50B006F3D57 /* ViewController.swift */ = {isa = PBXFileReference; lastKnownFileType = sourcecode.swift; path = ViewController.swift; sourceTree = "<group>"; };
		43745BBB2565E50B006F3D57 /* Base */ = {isa = PBXFileReference; lastKnownFileType = file.storyboard; name = Base; path = Base.lproj/Main.storyboard; sourceTree = "<group>"; };
		43745BBD2565E50D006F3D57 /* Assets.xcassets */ = {isa = PBXFileReference; lastKnownFileType = folder.assetcatalog; path = Assets.xcassets; sourceTree = "<group>"; };
		43745BC02565E50D006F3D57 /* Base */ = {isa = PBXFileReference; lastKnownFileType = file.storyboard; name = Base; path = Base.lproj/LaunchScreen.storyboard; sourceTree = "<group>"; };
		43745BC22565E50D006F3D57 /* Info.plist */ = {isa = PBXFileReference; lastKnownFileType = text.plist.xml; path = Info.plist; sourceTree = "<group>"; };
		43745BC82565EC15006F3D57 /* SecundarioViewController.swift */ = {isa = PBXFileReference; lastKnownFileType = sourcecode.swift; path = SecundarioViewController.swift; sourceTree = "<group>"; };
		43745BCA2565EC84006F3D57 /* hopper.txt */ = {isa = PBXFileReference; fileEncoding = 4; lastKnownFileType = text; name = hopper.txt; path = ../../../../../../Downloads/recursos/textos/hopper.txt; sourceTree = "<group>"; };
		43745BCB2565EC84006F3D57 /* lovelace.txt */ = {isa = PBXFileReference; fileEncoding = 4; lastKnownFileType = text; name = lovelace.txt; path = ../../../../../../Downloads/recursos/textos/lovelace.txt; sourceTree = "<group>"; };
		43745BCC2565EC84006F3D57 /* liskov.txt */ = {isa = PBXFileReference; fileEncoding = 4; lastKnownFileType = text; name = liskov.txt; path = ../../../../../../Downloads/recursos/textos/liskov.txt; sourceTree = "<group>"; };
/* End PBXFileReference section */

/* Begin PBXFrameworksBuildPhase section */
		43745BAE2565E50B006F3D57 /* Frameworks */ = {
			isa = PBXFrameworksBuildPhase;
			buildActionMask = 2147483647;
			files = (
			);
			runOnlyForDeploymentPostprocessing = 0;
		};
/* End PBXFrameworksBuildPhase section */

/* Begin PBXGroup section */
		43745BA82565E50B006F3D57 = {
			isa = PBXGroup;
			children = (
				43745BCA2565EC84006F3D57 /* hopper.txt */,
				43745BCC2565EC84006F3D57 /* liskov.txt */,
				43745BCB2565EC84006F3D57 /* lovelace.txt */,
				43745BB32565E50B006F3D57 /* Pioneras */,
				43745BB22565E50B006F3D57 /* Products */,
			);
			sourceTree = "<group>";
		};
		43745BB22565E50B006F3D57 /* Products */ = {
			isa = PBXGroup;
			children = (
				43745BB12565E50B006F3D57 /* Pioneras.app */,
			);
			name = Products;
			sourceTree = "<group>";
		};
		43745BB32565E50B006F3D57 /* Pioneras */ = {
			isa = PBXGroup;
			children = (
				43745BB42565E50B006F3D57 /* AppDelegate.swift */,
				43745BB62565E50B006F3D57 /* SceneDelegate.swift */,
				43745BB82565E50B006F3D57 /* ViewController.swift */,
				43745BC82565EC15006F3D57 /* SecundarioViewController.swift */,
				43745BBA2565E50B006F3D57 /* Main.storyboard */,
				43745BBD2565E50D006F3D57 /* Assets.xcassets */,
				43745BBF2565E50D006F3D57 /* LaunchScreen.storyboard */,
				43745BC22565E50D006F3D57 /* Info.plist */,
			);
			path = Pioneras;
			sourceTree = "<group>";
		};
/* End PBXGroup section */

/* Begin PBXNativeTarget section */
		43745BB02565E50B006F3D57 /* Pioneras */ = {
			isa = PBXNativeTarget;
			buildConfigurationList = 43745BC52565E50D006F3D57 /* Build configuration list for PBXNativeTarget "Pioneras" */;
			buildPhases = (
				43745BAD2565E50B006F3D57 /* Sources */,
				43745BAE2565E50B006F3D57 /* Frameworks */,
				43745BAF2565E50B006F3D57 /* Resources */,
			);
			buildRules = (
			);
			dependencies = (
			);
			name = Pioneras;
			productName = Pioneras;
			productReference = 43745BB12565E50B006F3D57 /* Pioneras.app */;
			productType = "com.apple.product-type.application";
		};
/* End PBXNativeTarget section */

/* Begin PBXProject section */
		43745BA92565E50B006F3D57 /* Project object */ = {
			isa = PBXProject;
			attributes = {
				LastSwiftUpdateCheck = 1150;
				LastUpgradeCheck = 1150;
				ORGANIZATIONNAME = "Yaser ";
				TargetAttributes = {
					43745BB02565E50B006F3D57 = {
						CreatedOnToolsVersion = 11.5;
					};
				};
			};
			buildConfigurationList = 43745BAC2565E50B006F3D57 /* Build configuration list for PBXProject "Pioneras" */;
			compatibilityVersion = "Xcode 9.3";
			developmentRegion = en;
			hasScannedForEncodings = 0;
			knownRegions = (
				en,
				Base,
			);
			mainGroup = 43745BA82565E50B006F3D57;
			productRefGroup = 43745BB22565E50B006F3D57 /* Products */;
			projectDirPath = "";
			projectRoot = "";
			targets = (
				43745BB02565E50B006F3D57 /* Pioneras */,
			);
		};
/* End PBXProject section */

/* Begin PBXResourcesBuildPhase section */
		43745BAF2565E50B006F3D57 /* Resources */ = {
			isa = PBXResourcesBuildPhase;
			buildActionMask = 2147483647;
			files = (
				43745BC12565E50D006F3D57 /* LaunchScreen.storyboard in Resources */,
				43745BBE2565E50D006F3D57 /* Assets.xcassets in Resources */,
				43745BCE2565EC84006F3D57 /* lovelace.txt in Resources */,
				43745BCD2565EC84006F3D57 /* hopper.txt in Resources */,
				43745BCF2565EC84006F3D57 /* liskov.txt in Resources */,
				43745BBC2565E50B006F3D57 /* Main.storyboard in Resources */,
			);
			runOnlyForDeploymentPostprocessing = 0;
		};
/* End PBXResourcesBuildPhase section */

/* Begin PBXSourcesBuildPhase section */
		43745BAD2565E50B006F3D57 /* Sources */ = {
			isa = PBXSourcesBuildPhase;
			buildActionMask = 2147483647;
			files = (
				43745BB92565E50B006F3D57 /* ViewController.swift in Sources */,
				43745BC92565EC15006F3D57 /* SecundarioViewController.swift in Sources */,
				43745BB52565E50B006F3D57 /* AppDelegate.swift in Sources */,
				43745BB72565E50B006F3D57 /* SceneDelegate.swift in Sources */,
			);
			runOnlyForDeploymentPostprocessing = 0;
		};
/* End PBXSourcesBuildPhase section */

/* Begin PBXVariantGroup section */
		43745BBA2565E50B006F3D57 /* Main.storyboard */ = {
			isa = PBXVariantGroup;
			children = (
				43745BBB2565E50B006F3D57 /* Base */,
			);
			name = Main.storyboard;
			sourceTree = "<group>";
		};
		43745BBF2565E50D006F3D57 /* LaunchScreen.storyboard */ = {
			isa = PBXVariantGroup;
			children = (
				43745BC02565E50D006F3D57 /* Base */,
			);
			name = LaunchScreen.storyboard;
			sourceTree = "<group>";
		};
/* End PBXVariantGroup section */

/* Begin XCBuildConfiguration section */
		43745BC32565E50D006F3D57 /* Debug */ = {
			isa = XCBuildConfiguration;
			buildSettings = {
				ALWAYS_SEARCH_USER_PATHS = NO;
				CLANG_ANALYZER_NONNULL = YES;
				CLANG_ANALYZER_NUMBER_OBJECT_CONVERSION = YES_AGGRESSIVE;
				CLANG_CXX_LANGUAGE_STANDARD = "gnu++14";
				CLANG_CXX_LIBRARY = "libc++";
				CLANG_ENABLE_MODULES = YES;
				CLANG_ENABLE_OBJC_ARC = YES;
				CLANG_ENABLE_OBJC_WEAK = YES;
				CLANG_WARN_BLOCK_CAPTURE_AUTORELEASING = YES;
				CLANG_WARN_BOOL_CONVERSION = YES;
				CLANG_WARN_COMMA = YES;
				CLANG_WARN_CONSTANT_CONVERSION = YES;
				CLANG_WARN_DEPRECATED_OBJC_IMPLEMENTATIONS = YES;
				CLANG_WARN_DIRECT_OBJC_ISA_USAGE = YES_ERROR;
				CLANG_WARN_DOCUMENTATION_COMMENTS = YES;
				CLANG_WARN_EMPTY_BODY = YES;
				CLANG_WARN_ENUM_CONVERSION = YES;
				CLANG_WARN_INFINITE_RECURSION = YES;
				CLANG_WARN_INT_CONVERSION = YES;
				CLANG_WARN_NON_LITERAL_NULL_CONVERSION = YES;
				CLANG_WARN_OBJC_IMPLICIT_RETAIN_SELF = YES;
				CLANG_WARN_OBJC_LITERAL_CONVERSION = YES;
				CLANG_WARN_OBJC_ROOT_CLASS = YES_ERROR;
				CLANG_WARN_RANGE_LOOP_ANALYSIS = YES;
				CLANG_WARN_STRICT_PROTOTYPES = YES;
				CLANG_WARN_SUSPICIOUS_MOVE = YES;
				CLANG_WARN_UNGUARDED_AVAILABILITY = YES_AGGRESSIVE;
				CLANG_WARN_UNREACHABLE_CODE = YES;
				CLANG_WARN__DUPLICATE_METHOD_MATCH = YES;
				COPY_PHASE_STRIP = NO;
				DEBUG_INFORMATION_FORMAT = dwarf;
				ENABLE_STRICT_OBJC_MSGSEND = YES;
				ENABLE_TESTABILITY = YES;
				GCC_C_LANGUAGE_STANDARD = gnu11;
				GCC_DYNAMIC_NO_PIC = NO;
				GCC_NO_COMMON_BLOCKS = YES;
				GCC_OPTIMIZATION_LEVEL = 0;
				GCC_PREPROCESSOR_DEFINITIONS = (
					"DEBUG=1",
					"$(inherited)",
				);
				GCC_WARN_64_TO_32_BIT_CONVERSION = YES;
				GCC_WARN_ABOUT_RETURN_TYPE = YES_ERROR;
				GCC_WARN_UNDECLARED_SELECTOR = YES;
				GCC_WARN_UNINITIALIZED_AUTOS = YES_AGGRESSIVE;
				GCC_WARN_UNUSED_FUNCTION = YES;
				GCC_WARN_UNUSED_VARIABLE = YES;
				IPHONEOS_DEPLOYMENT_TARGET = 13.5;
				MTL_ENABLE_DEBUG_INFO = INCLUDE_SOURCE;
				MTL_FAST_MATH = YES;
				ONLY_ACTIVE_ARCH = YES;
				SDKROOT = iphoneos;
				SWIFT_ACTIVE_COMPILATION_CONDITIONS = DEBUG;
				SWIFT_OPTIMIZATION_LEVEL = "-Onone";
			};
			name = Debug;
		};
		43745BC42565E50D006F3D57 /* Release */ = {
			isa = XCBuildConfiguration;
			buildSettings = {
				ALWAYS_SEARCH_USER_PATHS = NO;
				CLANG_ANALYZER_NONNULL = YES;
				CLANG_ANALYZER_NUMBER_OBJECT_CONVERSION = YES_AGGRESSIVE;
				CLANG_CXX_LANGUAGE_STANDARD = "gnu++14";
				CLANG_CXX_LIBRARY = "libc++";
				CLANG_ENABLE_MODULES = YES;
				CLANG_ENABLE_OBJC_ARC = YES;
				CLANG_ENABLE_OBJC_WEAK = YES;
				CLANG_WARN_BLOCK_CAPTURE_AUTORELEASING = YES;
				CLANG_WARN_BOOL_CONVERSION = YES;
				CLANG_WARN_COMMA = YES;
				CLANG_WARN_CONSTANT_CONVERSION = YES;
				CLANG_WARN_DEPRECATED_OBJC_IMPLEMENTATIONS = YES;
				CLANG_WARN_DIRECT_OBJC_ISA_USAGE = YES_ERROR;
				CLANG_WARN_DOCUMENTATION_COMMENTS = YES;
				CLANG_WARN_EMPTY_BODY = YES;
				CLANG_WARN_ENUM_CONVERSION = YES;
				CLANG_WARN_INFINITE_RECURSION = YES;
				CLANG_WARN_INT_CONVERSION = YES;
				CLANG_WARN_NON_LITERAL_NULL_CONVERSION = YES;
				CLANG_WARN_OBJC_IMPLICIT_RETAIN_SELF = YES;
				CLANG_WARN_OBJC_LITERAL_CONVERSION = YES;
				CLANG_WARN_OBJC_ROOT_CLASS = YES_ERROR;
				CLANG_WARN_RANGE_LOOP_ANALYSIS = YES;
				CLANG_WARN_STRICT_PROTOTYPES = YES;
				CLANG_WARN_SUSPICIOUS_MOVE = YES;
				CLANG_WARN_UNGUARDED_AVAILABILITY = YES_AGGRESSIVE;
				CLANG_WARN_UNREACHABLE_CODE = YES;
				CLANG_WARN__DUPLICATE_METHOD_MATCH = YES;
				COPY_PHASE_STRIP = NO;
				DEBUG_INFORMATION_FORMAT = "dwarf-with-dsym";
				ENABLE_NS_ASSERTIONS = NO;
				ENABLE_STRICT_OBJC_MSGSEND = YES;
				GCC_C_LANGUAGE_STANDARD = gnu11;
				GCC_NO_COMMON_BLOCKS = YES;
				GCC_WARN_64_TO_32_BIT_CONVERSION = YES;
				GCC_WARN_ABOUT_RETURN_TYPE = YES_ERROR;
				GCC_WARN_UNDECLARED_SELECTOR = YES;
				GCC_WARN_UNINITIALIZED_AUTOS = YES_AGGRESSIVE;
				GCC_WARN_UNUSED_FUNCTION = YES;
				GCC_WARN_UNUSED_VARIABLE = YES;
				IPHONEOS_DEPLOYMENT_TARGET = 13.5;
				MTL_ENABLE_DEBUG_INFO = NO;
				MTL_FAST_MATH = YES;
				SDKROOT = iphoneos;
				SWIFT_COMPILATION_MODE = wholemodule;
				SWIFT_OPTIMIZATION_LEVEL = "-O";
				VALIDATE_PRODUCT = YES;
			};
			name = Release;
		};
		43745BC62565E50D006F3D57 /* Debug */ = {
			isa = XCBuildConfiguration;
			buildSettings = {
				ASSETCATALOG_COMPILER_APPICON_NAME = AppIcon;
				CODE_SIGN_STYLE = Automatic;
				INFOPLIST_FILE = Pioneras/Info.plist;
				LD_RUNPATH_SEARCH_PATHS = (
					"$(inherited)",
					"@executable_path/Frameworks",
				);
				PRODUCT_BUNDLE_IDENTIFIER = eps.ua.es.Pioneras;
				PRODUCT_NAME = "$(TARGET_NAME)";
				SWIFT_VERSION = 5.0;
				TARGETED_DEVICE_FAMILY = "1,2";
			};
			name = Debug;
		};
		43745BC72565E50D006F3D57 /* Release */ = {
			isa = XCBuildConfiguration;
			buildSettings = {
				ASSETCATALOG_COMPILER_APPICON_NAME = AppIcon;
				CODE_SIGN_STYLE = Automatic;
				INFOPLIST_FILE = Pioneras/Info.plist;
				LD_RUNPATH_SEARCH_PATHS = (
					"$(inherited)",
					"@executable_path/Frameworks",
				);
				PRODUCT_BUNDLE_IDENTIFIER = eps.ua.es.Pioneras;
				PRODUCT_NAME = "$(TARGET_NAME)";
				SWIFT_VERSION = 5.0;
				TARGETED_DEVICE_FAMILY = "1,2";
			};
			name = Release;
		};
/* End XCBuildConfiguration section */

/* Begin XCConfigurationList section */
		43745BAC2565E50B006F3D57 /* Build configuration list for PBXProject "Pioneras" */ = {
			isa = XCConfigurationList;
			buildConfigurations = (
				43745BC32565E50D006F3D57 /* Debug */,
				43745BC42565E50D006F3D57 /* Release */,
			);
			defaultConfigurationIsVisible = 0;
			defaultConfigurationName = Release;
		};
		43745BC52565E50D006F3D57 /* Build configuration list for PBXNativeTarget "Pioneras" */ = {
			isa = XCConfigurationList;
			buildConfigurations = (
				43745BC62565E50D006F3D57 /* Debug */,
				43745BC72565E50D006F3D57 /* Release */,
			);
			defaultConfigurationIsVisible = 0;
			defaultConfigurationName = Release;
		};
/* End XCConfigurationList section */
	};
	rootObject = 43745BA92565E50B006F3D57 /* Project object */;
}
